
Microsoft Visual Studio Solution File, Format Version 12.00
# Visual Studio Version 16
VisualStudioVersion = 16.0.35130.168
MinimumVisualStudioVersion = 10.0.40219.1
Project("{FAE04EC0-301F-11D3-BF4B-00C04F79EFBC}") = "Csharp", "Csharp\Csharp.csproj", "{C6C67AA4-8F14-43E8-9988-901FA9F783DB}"
EndProject
Global
	GlobalSection(SolutionConfigurationPlatforms) = preSolution
		Debug|Any CPU = Debug|Any CPU
		Release|Any CPU = Release|Any CPU
	EndGlobalSection
	GlobalSection(ProjectConfigurationPlatforms) = postSolution
		{C6C67AA4-8F14-43E8-9988-901FA9F783DB}.Debug|Any CPU.ActiveCfg = Debug|Any CPU
		{C6C67AA4-8F14-43E8-9988-901FA9F783DB}.Debug|Any CPU.Build.0 = Debug|Any CPU
		{C6C67AA4-8F14-43E8-9988-901FA9F783DB}.Release|Any CPU.ActiveCfg = Release|Any CPU
		{C6C67AA4-8F14-43E8-9988-901FA9F783DB}.Release|Any CPU.Build.0 = Release|Any CPU
	EndGlobalSection
	GlobalSection(SolutionProperties) = preSolution
		HideSolutionNode = FALSE
	EndGlobalSection
	GlobalSection(ExtensibilityGlobals) = postSolution
		SolutionGuid = {CD38A716-C336-40E1-BA84-8A580C13FF90}
	EndGlobalSection
EndGlobal
